
Microsoft Visual Studio Solution File, Format Version 12.00
# Visual Studio Version 17
VisualStudioVersion = 17.9.34728.123
MinimumVisualStudioVersion = 10.0.40219.1
Project("{FAE04EC0-301F-11D3-BF4B-00C04F79EFBC}") = "ReusableControlsTest", "ReusableControlsTest\ReusableControlsTest.csproj", "{B003F723-C3C1-45C7-8ECD-DB4C092F03AB}"
EndProject
Global
	GlobalSection(SolutionConfigurationPlatforms) = preSolution
		Debug|Any CPU = Debug|Any CPU
		Release|Any CPU = Release|Any CPU
	EndGlobalSection
	GlobalSection(ProjectConfigurationPlatforms) = postSolution
		{B003F723-C3C1-45C7-8ECD-DB4C092F03AB}.Debug|Any CPU.ActiveCfg = Debug|Any CPU
		{B003F723-C3C1-45C7-8ECD-DB4C092F03AB}.Debug|Any CPU.Build.0 = Debug|Any CPU
		{B003F723-C3C1-45C7-8ECD-DB4C092F03AB}.Debug|Any CPU.Deploy.0 = Debug|Any CPU
		{B003F723-C3C1-45C7-8ECD-DB4C092F03AB}.Release|Any CPU.ActiveCfg = Release|Any CPU
		{B003F723-C3C1-45C7-8ECD-DB4C092F03AB}.Release|Any CPU.Build.0 = Release|Any CPU
		{B003F723-C3C1-45C7-8ECD-DB4C092F03AB}.Release|Any CPU.Deploy.0 = Release|Any CPU
	EndGlobalSection
	GlobalSection(SolutionProperties) = preSolution
		HideSolutionNode = FALSE
	EndGlobalSection
	GlobalSection(ExtensibilityGlobals) = postSolution
		SolutionGuid = {90726F78-32C4-46C9-97FF-5275ABC486AB}
	EndGlobalSection
EndGlobal
